// !$*UTF8*$!
{
	archiveVersion = 1;
	classes = {
	};
	objectVersion = 55;
	objects = {

/* Begin PBXBuildFile section */
		95F024438D50B57F5C1F9CA2 /* Pods_MyPlaces.framework in Frameworks */ = {isa = PBXBuildFile; fileRef = 454142A1A08E0A4EF87FCA0B /* Pods_MyPlaces.framework */; };
		EDA03BB4282AC52600A8B3FB /* MapViewController.swift in Sources */ = {isa = PBXBuildFile; fileRef = EDA03BB3282AC52600A8B3FB /* MapViewController.swift */; };
		EDB412F2282BCA4A0031D976 /* MapManager.swift in Sources */ = {isa = PBXBuildFile; fileRef = EDB412F1282BCA4A0031D976 /* MapManager.swift */; };
		EDFC341A2827FACC00904F6C /* AppDelegate.swift in Sources */ = {isa = PBXBuildFile; fileRef = EDFC34192827FACC00904F6C /* AppDelegate.swift */; };
		EDFC341C2827FACC00904F6C /* SceneDelegate.swift in Sources */ = {isa = PBXBuildFile; fileRef = EDFC341B2827FACC00904F6C /* SceneDelegate.swift */; };
		EDFC34212827FACC00904F6C /* Main.storyboard in Resources */ = {isa = PBXBuildFile; fileRef = EDFC341F2827FACC00904F6C /* Main.storyboard */; };
		EDFC34232827FAD000904F6C /* Assets.xcassets in Resources */ = {isa = PBXBuildFile; fileRef = EDFC34222827FAD000904F6C /* Assets.xcassets */; };
		EDFC34262827FAD000904F6C /* LaunchScreen.storyboard in Resources */ = {isa = PBXBuildFile; fileRef = EDFC34242827FAD000904F6C /* LaunchScreen.storyboard */; };
		EDFC342E2827FE5900904F6C /* MainTableView.swift in Sources */ = {isa = PBXBuildFile; fileRef = EDFC342D2827FE5900904F6C /* MainTableView.swift */; };
		EDFC34302828146600904F6C /* CustomTableViewCell.swift in Sources */ = {isa = PBXBuildFile; fileRef = EDFC342F2828146600904F6C /* CustomTableViewCell.swift */; };
		EDFC34322828678900904F6C /* PlaceModel.swift in Sources */ = {isa = PBXBuildFile; fileRef = EDFC34312828678900904F6C /* PlaceModel.swift */; };
		EDFC34342828724E00904F6C /* NewPlaceViewController.swift in Sources */ = {isa = PBXBuildFile; fileRef = EDFC34332828724E00904F6C /* NewPlaceViewController.swift */; };
		EDFC3436282914EC00904F6C /* StorageManager.swift in Sources */ = {isa = PBXBuildFile; fileRef = EDFC3435282914EC00904F6C /* StorageManager.swift */; };
		EDFC343828294F5500904F6C /* RatingControl.swift in Sources */ = {isa = PBXBuildFile; fileRef = EDFC343728294F5500904F6C /* RatingControl.swift */; };
/* End PBXBuildFile section */

/* Begin PBXFileReference section */
		454142A1A08E0A4EF87FCA0B /* Pods_MyPlaces.framework */ = {isa = PBXFileReference; explicitFileType = wrapper.framework; includeInIndex = 0; path = Pods_MyPlaces.framework; sourceTree = BUILT_PRODUCTS_DIR; };
		462F29EB166982375F9AEABA /* Pods-MyPlaces.release.xcconfig */ = {isa = PBXFileReference; includeInIndex = 1; lastKnownFileType = text.xcconfig; name = "Pods-MyPlaces.release.xcconfig"; path = "Target Support Files/Pods-MyPlaces/Pods-MyPlaces.release.xcconfig"; sourceTree = "<group>"; };
		6195A533A7E1F2A315B5DF76 /* Pods-MyPlaces.debug.xcconfig */ = {isa = PBXFileReference; includeInIndex = 1; lastKnownFileType = text.xcconfig; name = "Pods-MyPlaces.debug.xcconfig"; path = "Target Support Files/Pods-MyPlaces/Pods-MyPlaces.debug.xcconfig"; sourceTree = "<group>"; };
		EDA03BB3282AC52600A8B3FB /* MapViewController.swift */ = {isa = PBXFileReference; lastKnownFileType = sourcecode.swift; path = MapViewController.swift; sourceTree = "<group>"; };
		EDB412F1282BCA4A0031D976 /* MapManager.swift */ = {isa = PBXFileReference; lastKnownFileType = sourcecode.swift; path = MapManager.swift; sourceTree = "<group>"; };
		EDFC34162827FACC00904F6C /* MyPlaces.app */ = {isa = PBXFileReference; explicitFileType = wrapper.application; includeInIndex = 0; path = MyPlaces.app; sourceTree = BUILT_PRODUCTS_DIR; };
		EDFC34192827FACC00904F6C /* AppDelegate.swift */ = {isa = PBXFileReference; lastKnownFileType = sourcecode.swift; path = AppDelegate.swift; sourceTree = "<group>"; };
		EDFC341B2827FACC00904F6C /* SceneDelegate.swift */ = {isa = PBXFileReference; lastKnownFileType = sourcecode.swift; path = SceneDelegate.swift; sourceTree = "<group>"; };
		EDFC34202827FACC00904F6C /* Base */ = {isa = PBXFileReference; lastKnownFileType = file.storyboard; name = Base; path = Base.lproj/Main.storyboard; sourceTree = "<group>"; };
		EDFC34222827FAD000904F6C /* Assets.xcassets */ = {isa = PBXFileReference; lastKnownFileType = folder.assetcatalog; path = Assets.xcassets; sourceTree = "<group>"; };
		EDFC34252827FAD000904F6C /* Base */ = {isa = PBXFileReference; lastKnownFileType = file.storyboard; name = Base; path = Base.lproj/LaunchScreen.storyboard; sourceTree = "<group>"; };
		EDFC34272827FAD000904F6C /* Info.plist */ = {isa = PBXFileReference; lastKnownFileType = text.plist.xml; path = Info.plist; sourceTree = "<group>"; };
		EDFC342D2827FE5900904F6C /* MainTableView.swift */ = {isa = PBXFileReference; lastKnownFileType = sourcecode.swift; path = MainTableView.swift; sourceTree = "<group>"; };
		EDFC342F2828146600904F6C /* CustomTableViewCell.swift */ = {isa = PBXFileReference; lastKnownFileType = sourcecode.swift; path = CustomTableViewCell.swift; sourceTree = "<group>"; };
		EDFC34312828678900904F6C /* PlaceModel.swift */ = {isa = PBXFileReference; lastKnownFileType = sourcecode.swift; path = PlaceModel.swift; sourceTree = "<group>"; };
		EDFC34332828724E00904F6C /* NewPlaceViewController.swift */ = {isa = PBXFileReference; lastKnownFileType = sourcecode.swift; path = NewPlaceViewController.swift; sourceTree = "<group>"; };
		EDFC3435282914EC00904F6C /* StorageManager.swift */ = {isa = PBXFileReference; lastKnownFileType = sourcecode.swift; path = StorageManager.swift; sourceTree = "<group>"; };
		EDFC343728294F5500904F6C /* RatingControl.swift */ = {isa = PBXFileReference; lastKnownFileType = sourcecode.swift; path = RatingControl.swift; sourceTree = "<group>"; };
/* End PBXFileReference section */

/* Begin PBXFrameworksBuildPhase section */
		EDFC34132827FACC00904F6C /* Frameworks */ = {
			isa = PBXFrameworksBuildPhase;
			buildActionMask = 2147483647;
			files = (
				95F024438D50B57F5C1F9CA2 /* Pods_MyPlaces.framework in Frameworks */,
			);
			runOnlyForDeploymentPostprocessing = 0;
		};
/* End PBXFrameworksBuildPhase section */

/* Begin PBXGroup section */
		7B72206FDE32D4F1FDB5F97C /* Pods */ = {
			isa = PBXGroup;
			children = (
				6195A533A7E1F2A315B5DF76 /* Pods-MyPlaces.debug.xcconfig */,
				462F29EB166982375F9AEABA /* Pods-MyPlaces.release.xcconfig */,
			);
			path = Pods;
			sourceTree = "<group>";
		};
		E2D46AC436DE8448DE38F402 /* Frameworks */ = {
			isa = PBXGroup;
			children = (
				454142A1A08E0A4EF87FCA0B /* Pods_MyPlaces.framework */,
			);
			name = Frameworks;
			sourceTree = "<group>";
		};
		EDB412F3282BD65D0031D976 /* ViewControllers */ = {
			isa = PBXGroup;
			children = (
				EDFC34332828724E00904F6C /* NewPlaceViewController.swift */,
				EDA03BB3282AC52600A8B3FB /* MapViewController.swift */,
				EDFC342D2827FE5900904F6C /* MainTableView.swift */,
				EDFC342F2828146600904F6C /* CustomTableViewCell.swift */,
			);
			path = ViewControllers;
			sourceTree = "<group>";
		};
		EDB412F4282BD67D0031D976 /* Models */ = {
			isa = PBXGroup;
			children = (
				EDFC34312828678900904F6C /* PlaceModel.swift */,
			);
			path = Models;
			sourceTree = "<group>";
		};
		EDB412F5282BD68E0031D976 /* Helpers */ = {
			isa = PBXGroup;
			children = (
				EDFC343728294F5500904F6C /* RatingControl.swift */,
				EDB412F1282BCA4A0031D976 /* MapManager.swift */,
				EDFC3435282914EC00904F6C /* StorageManager.swift */,
			);
			path = Helpers;
			sourceTree = "<group>";
		};
		EDB412F6282BD6A00031D976 /* SupportFiles */ = {
			isa = PBXGroup;
			children = (
				EDFC34192827FACC00904F6C /* AppDelegate.swift */,
				EDFC341B2827FACC00904F6C /* SceneDelegate.swift */,
				EDFC34222827FAD000904F6C /* Assets.xcassets */,
				EDFC34272827FAD000904F6C /* Info.plist */,
			);
			path = SupportFiles;
			sourceTree = "<group>";
		};
		EDB412F7282BD6B80031D976 /* IBuilder */ = {
			isa = PBXGroup;
			children = (
				EDFC341F2827FACC00904F6C /* Main.storyboard */,
				EDFC34242827FAD000904F6C /* LaunchScreen.storyboard */,
			);
			path = IBuilder;
			sourceTree = "<group>";
		};
		EDFC340D2827FACC00904F6C = {
			isa = PBXGroup;
			children = (
				EDFC34182827FACC00904F6C /* MyPlaces */,
				EDFC34172827FACC00904F6C /* Products */,
				7B72206FDE32D4F1FDB5F97C /* Pods */,
				E2D46AC436DE8448DE38F402 /* Frameworks */,
			);
			sourceTree = "<group>";
		};
		EDFC34172827FACC00904F6C /* Products */ = {
			isa = PBXGroup;
			children = (
				EDFC34162827FACC00904F6C /* MyPlaces.app */,
			);
			name = Products;
			sourceTree = "<group>";
		};
		EDFC34182827FACC00904F6C /* MyPlaces */ = {
			isa = PBXGroup;
			children = (
				EDB412F3282BD65D0031D976 /* ViewControllers */,
				EDB412F5282BD68E0031D976 /* Helpers */,
				EDB412F4282BD67D0031D976 /* Models */,
				EDB412F6282BD6A00031D976 /* SupportFiles */,
				EDB412F7282BD6B80031D976 /* IBuilder */,
			);
			path = MyPlaces;
			sourceTree = "<group>";
		};
/* End PBXGroup section */

/* Begin PBXNativeTarget section */
		EDFC34152827FACC00904F6C /* MyPlaces */ = {
			isa = PBXNativeTarget;
			buildConfigurationList = EDFC342A2827FAD000904F6C /* Build configuration list for PBXNativeTarget "MyPlaces" */;
			buildPhases = (
				3EB00DDD45A8F81DA3EEC7A2 /* [CP] Check Pods Manifest.lock */,
				EDFC34122827FACC00904F6C /* Sources */,
				EDFC34132827FACC00904F6C /* Frameworks */,
				EDFC34142827FACC00904F6C /* Resources */,
				B5E5783E4B5606CFF501C576 /* [CP] Embed Pods Frameworks */,
			);
			buildRules = (
			);
			dependencies = (
			);
			name = MyPlaces;
			productName = MyPlaces;
			productReference = EDFC34162827FACC00904F6C /* MyPlaces.app */;
			productType = "com.apple.product-type.application";
		};
/* End PBXNativeTarget section */

/* Begin PBXProject section */
		EDFC340E2827FACC00904F6C /* Project object */ = {
			isa = PBXProject;
			attributes = {
				BuildIndependentTargetsInParallel = 1;
				LastSwiftUpdateCheck = 1330;
				LastUpgradeCheck = 1330;
				TargetAttributes = {
					EDFC34152827FACC00904F6C = {
						CreatedOnToolsVersion = 13.3.1;
					};
				};
			};
			buildConfigurationList = EDFC34112827FACC00904F6C /* Build configuration list for PBXProject "MyPlaces" */;
			compatibilityVersion = "Xcode 13.0";
			developmentRegion = en;
			hasScannedForEncodings = 0;
			knownRegions = (
				en,
				Base,
			);
			mainGroup = EDFC340D2827FACC00904F6C;
			productRefGroup = EDFC34172827FACC00904F6C /* Products */;
			projectDirPath = "";
			projectRoot = "";
			targets = (
				EDFC34152827FACC00904F6C /* MyPlaces */,
			);
		};
/* End PBXProject section */

/* Begin PBXResourcesBuildPhase section */
		EDFC34142827FACC00904F6C /* Resources */ = {
			isa = PBXResourcesBuildPhase;
			buildActionMask = 2147483647;
			files = (
				EDFC34262827FAD000904F6C /* LaunchScreen.storyboard in Resources */,
				EDFC34232827FAD000904F6C /* Assets.xcassets in Resources */,
				EDFC34212827FACC00904F6C /* Main.storyboard in Resources */,
			);
			runOnlyForDeploymentPostprocessing = 0;
		};
/* End PBXResourcesBuildPhase section */

/* Begin PBXShellScriptBuildPhase section */
		3EB00DDD45A8F81DA3EEC7A2 /* [CP] Check Pods Manifest.lock */ = {
			isa = PBXShellScriptBuildPhase;
			buildActionMask = 2147483647;
			files = (
			);
			inputFileListPaths = (
			);
			inputPaths = (
				"${PODS_PODFILE_DIR_PATH}/Podfile.lock",
				"${PODS_ROOT}/Manifest.lock",
			);
			name = "[CP] Check Pods Manifest.lock";
			outputFileListPaths = (
			);
			outputPaths = (
				"$(DERIVED_FILE_DIR)/Pods-MyPlaces-checkManifestLockResult.txt",
			);
			runOnlyForDeploymentPostprocessing = 0;
			shellPath = /bin/sh;
			shellScript = "diff \"${PODS_PODFILE_DIR_PATH}/Podfile.lock\" \"${PODS_ROOT}/Manifest.lock\" > /dev/null\nif [ $? != 0 ] ; then\n    # print error to STDERR\n    echo \"error: The sandbox is not in sync with the Podfile.lock. Run 'pod install' or update your CocoaPods installation.\" >&2\n    exit 1\nfi\n# This output is used by Xcode 'outputs' to avoid re-running this script phase.\necho \"SUCCESS\" > \"${SCRIPT_OUTPUT_FILE_0}\"\n";
			showEnvVarsInLog = 0;
		};
		B5E5783E4B5606CFF501C576 /* [CP] Embed Pods Frameworks */ = {
			isa = PBXShellScriptBuildPhase;
			buildActionMask = 2147483647;
			files = (
			);
			inputFileListPaths = (
				"${PODS_ROOT}/Target Support Files/Pods-MyPlaces/Pods-MyPlaces-frameworks-${CONFIGURATION}-input-files.xcfilelist",
			);
			name = "[CP] Embed Pods Frameworks";
			outputFileListPaths = (
				"${PODS_ROOT}/Target Support Files/Pods-MyPlaces/Pods-MyPlaces-frameworks-${CONFIGURATION}-output-files.xcfilelist",
			);
			runOnlyForDeploymentPostprocessing = 0;
			shellPath = /bin/sh;
			shellScript = "\"${PODS_ROOT}/Target Support Files/Pods-MyPlaces/Pods-MyPlaces-frameworks.sh\"\n";
			showEnvVarsInLog = 0;
		};
/* End PBXShellScriptBuildPhase section */

/* Begin PBXSourcesBuildPhase section */
		EDFC34122827FACC00904F6C /* Sources */ = {
			isa = PBXSourcesBuildPhase;
			buildActionMask = 2147483647;
			files = (
				EDFC342E2827FE5900904F6C /* MainTableView.swift in Sources */,
				EDFC34342828724E00904F6C /* NewPlaceViewController.swift in Sources */,
				EDFC341A2827FACC00904F6C /* AppDelegate.swift in Sources */,
				EDFC343828294F5500904F6C /* RatingControl.swift in Sources */,
				EDA03BB4282AC52600A8B3FB /* MapViewController.swift in Sources */,
				EDFC3436282914EC00904F6C /* StorageManager.swift in Sources */,
				EDB412F2282BCA4A0031D976 /* MapManager.swift in Sources */,
				EDFC34322828678900904F6C /* PlaceModel.swift in Sources */,
				EDFC34302828146600904F6C /* CustomTableViewCell.swift in Sources */,
				EDFC341C2827FACC00904F6C /* SceneDelegate.swift in Sources */,
			);
			runOnlyForDeploymentPostprocessing = 0;
		};
/* End PBXSourcesBuildPhase section */

/* Begin PBXVariantGroup section */
		EDFC341F2827FACC00904F6C /* Main.storyboard */ = {
			isa = PBXVariantGroup;
			children = (
				EDFC34202827FACC00904F6C /* Base */,
			);
			name = Main.storyboard;
			sourceTree = "<group>";
		};
		EDFC34242827FAD000904F6C /* LaunchScreen.storyboard */ = {
			isa = PBXVariantGroup;
			children = (
				EDFC34252827FAD000904F6C /* Base */,
			);
			name = LaunchScreen.storyboard;
			sourceTree = "<group>";
		};
/* End PBXVariantGroup section */

/* Begin XCBuildConfiguration section */
		EDFC34282827FAD000904F6C /* Debug */ = {
			isa = XCBuildConfiguration;
			buildSettings = {
				ALWAYS_SEARCH_USER_PATHS = NO;
				CLANG_ANALYZER_NONNULL = YES;
				CLANG_ANALYZER_NUMBER_OBJECT_CONVERSION = YES_AGGRESSIVE;
				CLANG_CXX_LANGUAGE_STANDARD = "gnu++17";
				CLANG_ENABLE_MODULES = YES;
				CLANG_ENABLE_OBJC_ARC = YES;
				CLANG_ENABLE_OBJC_WEAK = YES;
				CLANG_WARN_BLOCK_CAPTURE_AUTORELEASING = YES;
				CLANG_WARN_BOOL_CONVERSION = YES;
				CLANG_WARN_COMMA = YES;
				CLANG_WARN_CONSTANT_CONVERSION = YES;
				CLANG_WARN_DEPRECATED_OBJC_IMPLEMENTATIONS = YES;
				CLANG_WARN_DIRECT_OBJC_ISA_USAGE = YES_ERROR;
				CLANG_WARN_DOCUMENTATION_COMMENTS = YES;
				CLANG_WARN_EMPTY_BODY = YES;
				CLANG_WARN_ENUM_CONVERSION = YES;
				CLANG_WARN_INFINITE_RECURSION = YES;
				CLANG_WARN_INT_CONVERSION = YES;
				CLANG_WARN_NON_LITERAL_NULL_CONVERSION = YES;
				CLANG_WARN_OBJC_IMPLICIT_RETAIN_SELF = YES;
				CLANG_WARN_OBJC_LITERAL_CONVERSION = YES;
				CLANG_WARN_OBJC_ROOT_CLASS = YES_ERROR;
				CLANG_WARN_QUOTED_INCLUDE_IN_FRAMEWORK_HEADER = YES;
				CLANG_WARN_RANGE_LOOP_ANALYSIS = YES;
				CLANG_WARN_STRICT_PROTOTYPES = YES;
				CLANG_WARN_SUSPICIOUS_MOVE = YES;
				CLANG_WARN_UNGUARDED_AVAILABILITY = YES_AGGRESSIVE;
				CLANG_WARN_UNREACHABLE_CODE = YES;
				CLANG_WARN__DUPLICATE_METHOD_MATCH = YES;
				COPY_PHASE_STRIP = NO;
				DEBUG_INFORMATION_FORMAT = dwarf;
				ENABLE_STRICT_OBJC_MSGSEND = YES;
				ENABLE_TESTABILITY = YES;
				GCC_C_LANGUAGE_STANDARD = gnu11;
				GCC_DYNAMIC_NO_PIC = NO;
				GCC_NO_COMMON_BLOCKS = YES;
				GCC_OPTIMIZATION_LEVEL = 0;
				GCC_PREPROCESSOR_DEFINITIONS = (
					"DEBUG=1",
					"$(inherited)",
				);
				GCC_WARN_64_TO_32_BIT_CONVERSION = YES;
				GCC_WARN_ABOUT_RETURN_TYPE = YES_ERROR;
				GCC_WARN_UNDECLARED_SELECTOR = YES;
				GCC_WARN_UNINITIALIZED_AUTOS = YES_AGGRESSIVE;
				GCC_WARN_UNUSED_FUNCTION = YES;
				GCC_WARN_UNUSED_VARIABLE = YES;
				IPHONEOS_DEPLOYMENT_TARGET = 15.4;
				MTL_ENABLE_DEBUG_INFO = INCLUDE_SOURCE;
				MTL_FAST_MATH = YES;
				ONLY_ACTIVE_ARCH = YES;
				SDKROOT = iphoneos;
				SWIFT_ACTIVE_COMPILATION_CONDITIONS = DEBUG;
				SWIFT_OPTIMIZATION_LEVEL = "-Onone";
			};
			name = Debug;
		};
		EDFC34292827FAD000904F6C /* Release */ = {
			isa = XCBuildConfiguration;
			buildSettings = {
				ALWAYS_SEARCH_USER_PATHS = NO;
				CLANG_ANALYZER_NONNULL = YES;
				CLANG_ANALYZER_NUMBER_OBJECT_CONVERSION = YES_AGGRESSIVE;
				CLANG_CXX_LANGUAGE_STANDARD = "gnu++17";
				CLANG_ENABLE_MODULES = YES;
				CLANG_ENABLE_OBJC_ARC = YES;
				CLANG_ENABLE_OBJC_WEAK = YES;
				CLANG_WARN_BLOCK_CAPTURE_AUTORELEASING = YES;
				CLANG_WARN_BOOL_CONVERSION = YES;
				CLANG_WARN_COMMA = YES;
				CLANG_WARN_CONSTANT_CONVERSION = YES;
				CLANG_WARN_DEPRECATED_OBJC_IMPLEMENTATIONS = YES;
				CLANG_WARN_DIRECT_OBJC_ISA_USAGE = YES_ERROR;
				CLANG_WARN_DOCUMENTATION_COMMENTS = YES;
				CLANG_WARN_EMPTY_BODY = YES;
				CLANG_WARN_ENUM_CONVERSION = YES;
				CLANG_WARN_INFINITE_RECURSION = YES;
				CLANG_WARN_INT_CONVERSION = YES;
				CLANG_WARN_NON_LITERAL_NULL_CONVERSION = YES;
				CLANG_WARN_OBJC_IMPLICIT_RETAIN_SELF = YES;
				CLANG_WARN_OBJC_LITERAL_CONVERSION = YES;
				CLANG_WARN_OBJC_ROOT_CLASS = YES_ERROR;
				CLANG_WARN_QUOTED_INCLUDE_IN_FRAMEWORK_HEADER = YES;
				CLANG_WARN_RANGE_LOOP_ANALYSIS = YES;
				CLANG_WARN_STRICT_PROTOTYPES = YES;
				CLANG_WARN_SUSPICIOUS_MOVE = YES;
				CLANG_WARN_UNGUARDED_AVAILABILITY = YES_AGGRESSIVE;
				CLANG_WARN_UNREACHABLE_CODE = YES;
				CLANG_WARN__DUPLICATE_METHOD_MATCH = YES;
				COPY_PHASE_STRIP = NO;
				DEBUG_INFORMATION_FORMAT = "dwarf-with-dsym";
				ENABLE_NS_ASSERTIONS = NO;
				ENABLE_STRICT_OBJC_MSGSEND = YES;
				GCC_C_LANGUAGE_STANDARD = gnu11;
				GCC_NO_COMMON_BLOCKS = YES;
				GCC_WARN_64_TO_32_BIT_CONVERSION = YES;
				GCC_WARN_ABOUT_RETURN_TYPE = YES_ERROR;
				GCC_WARN_UNDECLARED_SELECTOR = YES;
				GCC_WARN_UNINITIALIZED_AUTOS = YES_AGGRESSIVE;
				GCC_WARN_UNUSED_FUNCTION = YES;
				GCC_WARN_UNUSED_VARIABLE = YES;
				IPHONEOS_DEPLOYMENT_TARGET = 15.4;
				MTL_ENABLE_DEBUG_INFO = NO;
				MTL_FAST_MATH = YES;
				SDKROOT = iphoneos;
				SWIFT_COMPILATION_MODE = wholemodule;
				SWIFT_OPTIMIZATION_LEVEL = "-O";
				VALIDATE_PRODUCT = YES;
			};
			name = Release;
		};
		EDFC342B2827FAD000904F6C /* Debug */ = {
			isa = XCBuildConfiguration;
			baseConfigurationReference = 6195A533A7E1F2A315B5DF76 /* Pods-MyPlaces.debug.xcconfig */;
			buildSettings = {
				ASSETCATALOG_COMPILER_APPICON_NAME = AppIcon;
				ASSETCATALOG_COMPILER_GLOBAL_ACCENT_COLOR_NAME = AccentColor;
				ASSETCATALOG_COMPILER_INCLUDE_ALL_APPICON_ASSETS = YES;
				CODE_SIGN_STYLE = Automatic;
				CURRENT_PROJECT_VERSION = 1;
				DEVELOPMENT_TEAM = UBS68N6TVH;
				GENERATE_INFOPLIST_FILE = YES;
				INFOPLIST_FILE = MyPlaces/SupportFiles/Info.plist;
				INFOPLIST_KEY_UIApplicationSupportsIndirectInputEvents = YES;
				INFOPLIST_KEY_UILaunchStoryboardName = LaunchScreen;
				INFOPLIST_KEY_UIMainStoryboardFile = Main;
				INFOPLIST_KEY_UISupportedInterfaceOrientations_iPad = "UIInterfaceOrientationPortrait UIInterfaceOrientationPortraitUpsideDown UIInterfaceOrientationLandscapeLeft UIInterfaceOrientationLandscapeRight";
				INFOPLIST_KEY_UISupportedInterfaceOrientations_iPhone = "UIInterfaceOrientationPortrait UIInterfaceOrientationLandscapeLeft UIInterfaceOrientationLandscapeRight";
				LD_RUNPATH_SEARCH_PATHS = (
					"$(inherited)",
					"@executable_path/Frameworks",
				);
				MARKETING_VERSION = 1.0;
				PRODUCT_BUNDLE_IDENTIFIER = ru.soadekb.MyPlaces;
				PRODUCT_NAME = "$(TARGET_NAME)";
				SWIFT_EMIT_LOC_STRINGS = YES;
				SWIFT_VERSION = 5.0;
				TARGETED_DEVICE_FAMILY = "1,2";
			};
			name = Debug;
		};
		EDFC342C2827FAD000904F6C /* Release */ = {
			isa = XCBuildConfiguration;
			baseConfigurationReference = 462F29EB166982375F9AEABA /* Pods-MyPlaces.release.xcconfig */;
			buildSettings = {
				ASSETCATALOG_COMPILER_APPICON_NAME = AppIcon;
				ASSETCATALOG_COMPILER_GLOBAL_ACCENT_COLOR_NAME = AccentColor;
				ASSETCATALOG_COMPILER_INCLUDE_ALL_APPICON_ASSETS = YES;
				CODE_SIGN_STYLE = Automatic;
				CURRENT_PROJECT_VERSION = 1;
				DEVELOPMENT_TEAM = UBS68N6TVH;
				GENERATE_INFOPLIST_FILE = YES;
				INFOPLIST_FILE = MyPlaces/SupportFiles/Info.plist;
				INFOPLIST_KEY_UIApplicationSupportsIndirectInputEvents = YES;
				INFOPLIST_KEY_UILaunchStoryboardName = LaunchScreen;
				INFOPLIST_KEY_UIMainStoryboardFile = Main;
				INFOPLIST_KEY_UISupportedInterfaceOrientations_iPad = "UIInterfaceOrientationPortrait UIInterfaceOrientationPortraitUpsideDown UIInterfaceOrientationLandscapeLeft UIInterfaceOrientationLandscapeRight";
				INFOPLIST_KEY_UISupportedInterfaceOrientations_iPhone = "UIInterfaceOrientationPortrait UIInterfaceOrientationLandscapeLeft UIInterfaceOrientationLandscapeRight";
				LD_RUNPATH_SEARCH_PATHS = (
					"$(inherited)",
					"@executable_path/Frameworks",
				);
				MARKETING_VERSION = 1.0;
				PRODUCT_BUNDLE_IDENTIFIER = ru.soadekb.MyPlaces;
				PRODUCT_NAME = "$(TARGET_NAME)";
				SWIFT_EMIT_LOC_STRINGS = YES;
				SWIFT_VERSION = 5.0;
				TARGETED_DEVICE_FAMILY = "1,2";
			};
			name = Release;
		};
/* End XCBuildConfiguration section */

/* Begin XCConfigurationList section */
		EDFC34112827FACC00904F6C /* Build configuration list for PBXProject "MyPlaces" */ = {
			isa = XCConfigurationList;
			buildConfigurations = (
				EDFC34282827FAD000904F6C /* Debug */,
				EDFC34292827FAD000904F6C /* Release */,
			);
			defaultConfigurationIsVisible = 0;
			defaultConfigurationName = Release;
		};
		EDFC342A2827FAD000904F6C /* Build configuration list for PBXNativeTarget "MyPlaces" */ = {
			isa = XCConfigurationList;
			buildConfigurations = (
				EDFC342B2827FAD000904F6C /* Debug */,
				EDFC342C2827FAD000904F6C /* Release */,
			);
			defaultConfigurationIsVisible = 0;
			defaultConfigurationName = Release;
		};
/* End XCConfigurationList section */
	};
	rootObject = EDFC340E2827FACC00904F6C /* Project object */;
}
